// !$*UTF8*$!
{
	archiveVersion = 1;
	classes = {
	};
	objectVersion = 50;
	objects = {

/* Begin PBXBuildFile section */
		2361F92126DB6DDB0066F3E2 /* DataUpdate.swift in Sources */ = {isa = PBXBuildFile; fileRef = 2361F92026DB6DDB0066F3E2 /* DataUpdate.swift */; };
		23E05A2726DA832600E67BEB /* AppDelegate.swift in Sources */ = {isa = PBXBuildFile; fileRef = 23E05A2626DA832600E67BEB /* AppDelegate.swift */; };
		23E05A2926DA832600E67BEB /* SceneDelegate.swift in Sources */ = {isa = PBXBuildFile; fileRef = 23E05A2826DA832600E67BEB /* SceneDelegate.swift */; };
		23E05A2B26DA832600E67BEB /* ViewController.swift in Sources */ = {isa = PBXBuildFile; fileRef = 23E05A2A26DA832600E67BEB /* ViewController.swift */; };
		23E05A2E26DA832600E67BEB /* Main.storyboard in Resources */ = {isa = PBXBuildFile; fileRef = 23E05A2C26DA832600E67BEB /* Main.storyboard */; };
		23E05A3026DA832700E67BEB /* Assets.xcassets in Resources */ = {isa = PBXBuildFile; fileRef = 23E05A2F26DA832700E67BEB /* Assets.xcassets */; };
		23E05A3326DA832700E67BEB /* LaunchScreen.storyboard in Resources */ = {isa = PBXBuildFile; fileRef = 23E05A3126DA832700E67BEB /* LaunchScreen.storyboard */; };
		23E05A3B26DA858F00E67BEB /* SecondViewController.swift in Sources */ = {isa = PBXBuildFile; fileRef = 23E05A3A26DA858F00E67BEB /* SecondViewController.swift */; };
/* End PBXBuildFile section */

/* Begin PBXFileReference section */
		2361F92026DB6DDB0066F3E2 /* DataUpdate.swift */ = {isa = PBXFileReference; lastKnownFileType = sourcecode.swift; path = DataUpdate.swift; sourceTree = "<group>"; };
		23E05A2326DA832600E67BEB /* TransferApp.app */ = {isa = PBXFileReference; explicitFileType = wrapper.application; includeInIndex = 0; path = TransferApp.app; sourceTree = BUILT_PRODUCTS_DIR; };
		23E05A2626DA832600E67BEB /* AppDelegate.swift */ = {isa = PBXFileReference; lastKnownFileType = sourcecode.swift; path = AppDelegate.swift; sourceTree = "<group>"; };
		23E05A2826DA832600E67BEB /* SceneDelegate.swift */ = {isa = PBXFileReference; lastKnownFileType = sourcecode.swift; path = SceneDelegate.swift; sourceTree = "<group>"; };
		23E05A2A26DA832600E67BEB /* ViewController.swift */ = {isa = PBXFileReference; lastKnownFileType = sourcecode.swift; path = ViewController.swift; sourceTree = "<group>"; };
		23E05A2D26DA832600E67BEB /* Base */ = {isa = PBXFileReference; lastKnownFileType = file.storyboard; name = Base; path = Base.lproj/Main.storyboard; sourceTree = "<group>"; };
		23E05A2F26DA832700E67BEB /* Assets.xcassets */ = {isa = PBXFileReference; lastKnownFileType = folder.assetcatalog; path = Assets.xcassets; sourceTree = "<group>"; };
		23E05A3226DA832700E67BEB /* Base */ = {isa = PBXFileReference; lastKnownFileType = file.storyboard; name = Base; path = Base.lproj/LaunchScreen.storyboard; sourceTree = "<group>"; };
		23E05A3426DA832700E67BEB /* Info.plist */ = {isa = PBXFileReference; lastKnownFileType = text.plist.xml; path = Info.plist; sourceTree = "<group>"; };
		23E05A3A26DA858F00E67BEB /* SecondViewController.swift */ = {isa = PBXFileReference; lastKnownFileType = sourcecode.swift; path = SecondViewController.swift; sourceTree = "<group>"; };
/* End PBXFileReference section */

/* Begin PBXFrameworksBuildPhase section */
		23E05A2026DA832600E67BEB /* Frameworks */ = {
			isa = PBXFrameworksBuildPhase;
			buildActionMask = 2147483647;
			files = (
			);
			runOnlyForDeploymentPostprocessing = 0;
		};
/* End PBXFrameworksBuildPhase section */

/* Begin PBXGroup section */
		23E05A1A26DA832600E67BEB = {
			isa = PBXGroup;
			children = (
				23E05A2526DA832600E67BEB /* TransferApp */,
				23E05A2426DA832600E67BEB /* Products */,
			);
			sourceTree = "<group>";
		};
		23E05A2426DA832600E67BEB /* Products */ = {
			isa = PBXGroup;
			children = (
				23E05A2326DA832600E67BEB /* TransferApp.app */,
			);
			name = Products;
			sourceTree = "<group>";
		};
		23E05A2526DA832600E67BEB /* TransferApp */ = {
			isa = PBXGroup;
			children = (
				23E05A2626DA832600E67BEB /* AppDelegate.swift */,
				23E05A2826DA832600E67BEB /* SceneDelegate.swift */,
				23E05A2A26DA832600E67BEB /* ViewController.swift */,
				23E05A3A26DA858F00E67BEB /* SecondViewController.swift */,
				23E05A2C26DA832600E67BEB /* Main.storyboard */,
				23E05A2F26DA832700E67BEB /* Assets.xcassets */,
				23E05A3126DA832700E67BEB /* LaunchScreen.storyboard */,
				23E05A3426DA832700E67BEB /* Info.plist */,
				2361F92026DB6DDB0066F3E2 /* DataUpdate.swift */,
			);
			path = TransferApp;
			sourceTree = "<group>";
		};
/* End PBXGroup section */

/* Begin PBXNativeTarget section */
		23E05A2226DA832600E67BEB /* TransferApp */ = {
			isa = PBXNativeTarget;
			buildConfigurationList = 23E05A3726DA832700E67BEB /* Build configuration list for PBXNativeTarget "TransferApp" */;
			buildPhases = (
				23E05A1F26DA832600E67BEB /* Sources */,
				23E05A2026DA832600E67BEB /* Frameworks */,
				23E05A2126DA832600E67BEB /* Resources */,
			);
			buildRules = (
			);
			dependencies = (
			);
			name = TransferApp;
			productName = TransferApp;
			productReference = 23E05A2326DA832600E67BEB /* TransferApp.app */;
			productType = "com.apple.product-type.application";
		};
/* End PBXNativeTarget section */

/* Begin PBXProject section */
		23E05A1B26DA832600E67BEB /* Project object */ = {
			isa = PBXProject;
			attributes = {
				LastSwiftUpdateCheck = 1250;
				LastUpgradeCheck = 1250;
				TargetAttributes = {
					23E05A2226DA832600E67BEB = {
						CreatedOnToolsVersion = 12.5.1;
					};
				};
			};
			buildConfigurationList = 23E05A1E26DA832600E67BEB /* Build configuration list for PBXProject "TransferApp" */;
			compatibilityVersion = "Xcode 9.3";
			developmentRegion = en;
			hasScannedForEncodings = 0;
			knownRegions = (
				en,
				Base,
			);
			mainGroup = 23E05A1A26DA832600E67BEB;
			productRefGroup = 23E05A2426DA832600E67BEB /* Products */;
			projectDirPath = "";
			projectRoot = "";
			targets = (
				23E05A2226DA832600E67BEB /* TransferApp */,
			);
		};
/* End PBXProject section */

/* Begin PBXResourcesBuildPhase section */
		23E05A2126DA832600E67BEB /* Resources */ = {
			isa = PBXResourcesBuildPhase;
			buildActionMask = 2147483647;
			files = (
				23E05A3326DA832700E67BEB /* LaunchScreen.storyboard in Resources */,
				23E05A3026DA832700E67BEB /* Assets.xcassets in Resources */,
				23E05A2E26DA832600E67BEB /* Main.storyboard in Resources */,
			);
			runOnlyForDeploymentPostprocessing = 0;
		};
/* End PBXResourcesBuildPhase section */

/* Begin PBXSourcesBuildPhase section */
		23E05A1F26DA832600E67BEB /* Sources */ = {
			isa = PBXSourcesBuildPhase;
			buildActionMask = 2147483647;
			files = (
				23E05A3B26DA858F00E67BEB /* SecondViewController.swift in Sources */,
				23E05A2B26DA832600E67BEB /* ViewController.swift in Sources */,
				2361F92126DB6DDB0066F3E2 /* DataUpdate.swift in Sources */,
				23E05A2726DA832600E67BEB /* AppDelegate.swift in Sources */,
				23E05A2926DA832600E67BEB /* SceneDelegate.swift in Sources */,
			);
			runOnlyForDeploymentPostprocessing = 0;
		};
/* End PBXSourcesBuildPhase section */

/* Begin PBXVariantGroup section */
		23E05A2C26DA832600E67BEB /* Main.storyboard */ = {
			isa = PBXVariantGroup;
			children = (
				23E05A2D26DA832600E67BEB /* Base */,
			);
			name = Main.storyboard;
			sourceTree = "<group>";
		};
		23E05A3126DA832700E67BEB /* LaunchScreen.storyboard */ = {
			isa = PBXVariantGroup;
			children = (
				23E05A3226DA832700E67BEB /* Base */,
			);
			name = LaunchScreen.storyboard;
			sourceTree = "<group>";
		};
/* End PBXVariantGroup section */

/* Begin XCBuildConfiguration section */
		23E05A3526DA832700E67BEB /* Debug */ = {
			isa = XCBuildConfiguration;
			buildSettings = {
				ALWAYS_SEARCH_USER_PATHS = NO;
				CLANG_ANALYZER_NONNULL = YES;
				CLANG_ANALYZER_NUMBER_OBJECT_CONVERSION = YES_AGGRESSIVE;
				CLANG_CXX_LANGUAGE_STANDARD = "gnu++14";
				CLANG_CXX_LIBRARY = "libc++";
				CLANG_ENABLE_MODULES = YES;
				CLANG_ENABLE_OBJC_ARC = YES;
				CLANG_ENABLE_OBJC_WEAK = YES;
				CLANG_WARN_BLOCK_CAPTURE_AUTORELEASING = YES;
				CLANG_WARN_BOOL_CONVERSION = YES;
				CLANG_WARN_COMMA = YES;
				CLANG_WARN_CONSTANT_CONVERSION = YES;
				CLANG_WARN_DEPRECATED_OBJC_IMPLEMENTATIONS = YES;
				CLANG_WARN_DIRECT_OBJC_ISA_USAGE = YES_ERROR;
				CLANG_WARN_DOCUMENTATION_COMMENTS = YES;
				CLANG_WARN_EMPTY_BODY = YES;
				CLANG_WARN_ENUM_CONVERSION = YES;
				CLANG_WARN_INFINITE_RECURSION = YES;
				CLANG_WARN_INT_CONVERSION = YES;
				CLANG_WARN_NON_LITERAL_NULL_CONVERSION = YES;
				CLANG_WARN_OBJC_IMPLICIT_RETAIN_SELF = YES;
				CLANG_WARN_OBJC_LITERAL_CONVERSION = YES;
				CLANG_WARN_OBJC_ROOT_CLASS = YES_ERROR;
				CLANG_WARN_QUOTED_INCLUDE_IN_FRAMEWORK_HEADER = YES;
				CLANG_WARN_RANGE_LOOP_ANALYSIS = YES;
				CLANG_WARN_STRICT_PROTOTYPES = YES;
				CLANG_WARN_SUSPICIOUS_MOVE = YES;
				CLANG_WARN_UNGUARDED_AVAILABILITY = YES_AGGRESSIVE;
				CLANG_WARN_UNREACHABLE_CODE = YES;
				CLANG_WARN__DUPLICATE_METHOD_MATCH = YES;
				COPY_PHASE_STRIP = NO;
				DEBUG_INFORMATION_FORMAT = dwarf;
				ENABLE_STRICT_OBJC_MSGSEND = YES;
				ENABLE_TESTABILITY = YES;
				GCC_C_LANGUAGE_STANDARD = gnu11;
				GCC_DYNAMIC_NO_PIC = NO;
				GCC_NO_COMMON_BLOCKS = YES;
				GCC_OPTIMIZATION_LEVEL = 0;
				GCC_PREPROCESSOR_DEFINITIONS = (
					"DEBUG=1",
					"$(inherited)",
				);
				GCC_WARN_64_TO_32_BIT_CONVERSION = YES;
				GCC_WARN_ABOUT_RETURN_TYPE = YES_ERROR;
				GCC_WARN_UNDECLARED_SELECTOR = YES;
				GCC_WARN_UNINITIALIZED_AUTOS = YES_AGGRESSIVE;
				GCC_WARN_UNUSED_FUNCTION = YES;
				GCC_WARN_UNUSED_VARIABLE = YES;
				IPHONEOS_DEPLOYMENT_TARGET = 14.5;
				MTL_ENABLE_DEBUG_INFO = INCLUDE_SOURCE;
				MTL_FAST_MATH = YES;
				ONLY_ACTIVE_ARCH = YES;
				SDKROOT = iphoneos;
				SWIFT_ACTIVE_COMPILATION_CONDITIONS = DEBUG;
				SWIFT_OPTIMIZATION_LEVEL = "-Onone";
			};
			name = Debug;
		};
		23E05A3626DA832700E67BEB /* Release */ = {
			isa = XCBuildConfiguration;
			buildSettings = {
				ALWAYS_SEARCH_USER_PATHS = NO;
				CLANG_ANALYZER_NONNULL = YES;
				CLANG_ANALYZER_NUMBER_OBJECT_CONVERSION = YES_AGGRESSIVE;
				CLANG_CXX_LANGUAGE_STANDARD = "gnu++14";
				CLANG_CXX_LIBRARY = "libc++";
				CLANG_ENABLE_MODULES = YES;
				CLANG_ENABLE_OBJC_ARC = YES;
				CLANG_ENABLE_OBJC_WEAK = YES;
				CLANG_WARN_BLOCK_CAPTURE_AUTORELEASING = YES;
				CLANG_WARN_BOOL_CONVERSION = YES;
				CLANG_WARN_COMMA = YES;
				CLANG_WARN_CONSTANT_CONVERSION = YES;
				CLANG_WARN_DEPRECATED_OBJC_IMPLEMENTATIONS = YES;
				CLANG_WARN_DIRECT_OBJC_ISA_USAGE = YES_ERROR;
				CLANG_WARN_DOCUMENTATION_COMMENTS = YES;
				CLANG_WARN_EMPTY_BODY = YES;
				CLANG_WARN_ENUM_CONVERSION = YES;
				CLANG_WARN_INFINITE_RECURSION = YES;
				CLANG_WARN_INT_CONVERSION = YES;
				CLANG_WARN_NON_LITERAL_NULL_CONVERSION = YES;
				CLANG_WARN_OBJC_IMPLICIT_RETAIN_SELF = YES;
				CLANG_WARN_OBJC_LITERAL_CONVERSION = YES;
				CLANG_WARN_OBJC_ROOT_CLASS = YES_ERROR;
				CLANG_WARN_QUOTED_INCLUDE_IN_FRAMEWORK_HEADER = YES;
				CLANG_WARN_RANGE_LOOP_ANALYSIS = YES;
				CLANG_WARN_STRICT_PROTOTYPES = YES;
				CLANG_WARN_SUSPICIOUS_MOVE = YES;
				CLANG_WARN_UNGUARDED_AVAILABILITY = YES_AGGRESSIVE;
				CLANG_WARN_UNREACHABLE_CODE = YES;
				CLANG_WARN__DUPLICATE_METHOD_MATCH = YES;
				COPY_PHASE_STRIP = NO;
				DEBUG_INFORMATION_FORMAT = "dwarf-with-dsym";
				ENABLE_NS_ASSERTIONS = NO;
				ENABLE_STRICT_OBJC_MSGSEND = YES;
				GCC_C_LANGUAGE_STANDARD = gnu11;
				GCC_NO_COMMON_BLOCKS = YES;
				GCC_WARN_64_TO_32_BIT_CONVERSION = YES;
				GCC_WARN_ABOUT_RETURN_TYPE = YES_ERROR;
				GCC_WARN_UNDECLARED_SELECTOR = YES;
				GCC_WARN_UNINITIALIZED_AUTOS = YES_AGGRESSIVE;
				GCC_WARN_UNUSED_FUNCTION = YES;
				GCC_WARN_UNUSED_VARIABLE = YES;
				IPHONEOS_DEPLOYMENT_TARGET = 14.5;
				MTL_ENABLE_DEBUG_INFO = NO;
				MTL_FAST_MATH = YES;
				SDKROOT = iphoneos;
				SWIFT_COMPILATION_MODE = wholemodule;
				SWIFT_OPTIMIZATION_LEVEL = "-O";
				VALIDATE_PRODUCT = YES;
			};
			name = Release;
		};
		23E05A3826DA832700E67BEB /* Debug */ = {
			isa = XCBuildConfiguration;
			buildSettings = {
				ASSETCATALOG_COMPILER_APPICON_NAME = AppIcon;
				ASSETCATALOG_COMPILER_GLOBAL_ACCENT_COLOR_NAME = AccentColor;
				CODE_SIGN_STYLE = Automatic;
				DEVELOPMENT_TEAM = H6B86YYVQ7;
				INFOPLIST_FILE = TransferApp/Info.plist;
				LD_RUNPATH_SEARCH_PATHS = (
					"$(inherited)",
					"@executable_path/Frameworks",
				);
				PRODUCT_BUNDLE_IDENTIFIER = magicCorp.TransferApp;
				PRODUCT_NAME = "$(TARGET_NAME)";
				SWIFT_VERSION = 5.0;
				TARGETED_DEVICE_FAMILY = "1,2";
			};
			name = Debug;
		};
		23E05A3926DA832700E67BEB /* Release */ = {
			isa = XCBuildConfiguration;
			buildSettings = {
				ASSETCATALOG_COMPILER_APPICON_NAME = AppIcon;
				ASSETCATALOG_COMPILER_GLOBAL_ACCENT_COLOR_NAME = AccentColor;
				CODE_SIGN_STYLE = Automatic;
				DEVELOPMENT_TEAM = H6B86YYVQ7;
				INFOPLIST_FILE = TransferApp/Info.plist;
				LD_RUNPATH_SEARCH_PATHS = (
					"$(inherited)",
					"@executable_path/Frameworks",
				);
				PRODUCT_BUNDLE_IDENTIFIER = magicCorp.TransferApp;
				PRODUCT_NAME = "$(TARGET_NAME)";
				SWIFT_VERSION = 5.0;
				TARGETED_DEVICE_FAMILY = "1,2";
			};
			name = Release;
		};
/* End XCBuildConfiguration section */

/* Begin XCConfigurationList section */
		23E05A1E26DA832600E67BEB /* Build configuration list for PBXProject "TransferApp" */ = {
			isa = XCConfigurationList;
			buildConfigurations = (
				23E05A3526DA832700E67BEB /* Debug */,
				23E05A3626DA832700E67BEB /* Release */,
			);
			defaultConfigurationIsVisible = 0;
			defaultConfigurationName = Release;
		};
		23E05A3726DA832700E67BEB /* Build configuration list for PBXNativeTarget "TransferApp" */ = {
			isa = XCConfigurationList;
			buildConfigurations = (
				23E05A3826DA832700E67BEB /* Debug */,
				23E05A3926DA832700E67BEB /* Release */,
			);
			defaultConfigurationIsVisible = 0;
			defaultConfigurationName = Release;
		};
/* End XCConfigurationList section */
	};
	rootObject = 23E05A1B26DA832600E67BEB /* Project object */;
}
